
Microsoft Visual Studio Solution File, Format Version 12.00
# Visual Studio Version 17
VisualStudioVersion = 17.14.36414.22
MinimumVisualStudioVersion = 10.0.40219.1
Project("{FAE04EC0-301F-11D3-BF4B-00C04F79EFBC}") = "BankingManagmentApp", "BankingManagmentApp\BankingManagmentApp.csproj", "{584A87E8-1FC0-42DD-B80C-7D8D27808F9C}"
EndProject
Global
	GlobalSection(SolutionConfigurationPlatforms) = preSolution
		Debug|Any CPU = Debug|Any CPU
		Release|Any CPU = Release|Any CPU
	EndGlobalSection
	GlobalSection(ProjectConfigurationPlatforms) = postSolution
		{584A87E8-1FC0-42DD-B80C-7D8D27808F9C}.Debug|Any CPU.ActiveCfg = Debug|Any CPU
		{584A87E8-1FC0-42DD-B80C-7D8D27808F9C}.Debug|Any CPU.Build.0 = Debug|Any CPU
		{584A87E8-1FC0-42DD-B80C-7D8D27808F9C}.Release|Any CPU.ActiveCfg = Release|Any CPU
		{584A87E8-1FC0-42DD-B80C-7D8D27808F9C}.Release|Any CPU.Build.0 = Release|Any CPU
	EndGlobalSection
	GlobalSection(SolutionProperties) = preSolution
		HideSolutionNode = FALSE
	EndGlobalSection
	GlobalSection(ExtensibilityGlobals) = postSolution
		SolutionGuid = {1961CD47-261F-4BBA-911E-B7AB85B9AE62}
	EndGlobalSection
EndGlobal
