Microsoft Visual Studio Solution File, Format Version 12.00
# Visual Studio Version 17
VisualStudioVersion = 17.5.2.0
MinimumVisualStudioVersion = 10.0.40219.1
Project("{FAE04EC0-301F-11D3-BF4B-00C04F79EFBC}") = "BankingManagmentApp", "BankingManagmentApp.csproj", "{33DA8C60-8038-CB87-18E7-D7FF6055258A}"
EndProject
Global
	GlobalSection(SolutionConfigurationPlatforms) = preSolution
		Debug|Any CPU = Debug|Any CPU
		Release|Any CPU = Release|Any CPU
	EndGlobalSection
	GlobalSection(ProjectConfigurationPlatforms) = postSolution
		{33DA8C60-8038-CB87-18E7-D7FF6055258A}.Debug|Any CPU.ActiveCfg = Debug|Any CPU
		{33DA8C60-8038-CB87-18E7-D7FF6055258A}.Debug|Any CPU.Build.0 = Debug|Any CPU
		{33DA8C60-8038-CB87-18E7-D7FF6055258A}.Release|Any CPU.ActiveCfg = Release|Any CPU
		{33DA8C60-8038-CB87-18E7-D7FF6055258A}.Release|Any CPU.Build.0 = Release|Any CPU
	EndGlobalSection
	GlobalSection(SolutionProperties) = preSolution
		HideSolutionNode = FALSE
	EndGlobalSection
	GlobalSection(ExtensibilityGlobals) = postSolution
		SolutionGuid = {BBF3A0AD-6694-4E85-9C5C-2DD7233A0EAB}
	EndGlobalSection
EndGlobal
